{
  "nodes": {
    "aagl": {
      "inputs": {
        "flake-compat": "flake-compat",
        "nixpkgs": [
          "nixpkgs"
        ]
      },
      "locked": {
        "lastModified": 1683031143,
        "narHash": "sha256-KDRDZwy6Kb541hYDQGvCTB88s3k9/mRM431yE5G58Mw=",
        "owner": "ezKEa",
        "repo": "aagl-gtk-on-nix",
        "rev": "d97e1fe5686856b28502cfe3787333fef3a2a2cb",
        "type": "github"
      },
      "original": {
        "owner": "ezKEa",
        "repo": "aagl-gtk-on-nix",
        "type": "github"
      }
    },
    "agenix": {
      "inputs": {
        "darwin": "darwin",
        "nixpkgs": [
          "nixpkgs"
        ]
      },
      "locked": {
        "lastModified": 1682101079,
        "narHash": "sha256-MdAhtjrLKnk2uiqun1FWABbKpLH090oeqCSiWemtuck=",
        "owner": "ryantm",
        "repo": "agenix",
        "rev": "2994d002dcff5353ca1ac48ec584c7f6589fe447",
        "type": "github"
      },
      "original": {
        "owner": "ryantm",
        "repo": "agenix",
        "type": "github"
      }
    },
    "darwin": {
      "inputs": {
        "nixpkgs": [
          "agenix",
          "nixpkgs"
        ]
      },
      "locked": {
        "lastModified": 1673295039,
        "narHash": "sha256-AsdYgE8/GPwcelGgrntlijMg4t3hLFJFCRF3tL5WVjA=",
        "owner": "lnl7",
        "repo": "nix-darwin",
        "rev": "87b9d090ad39b25b2400029c64825fc2a8868943",
        "type": "github"
      },
      "original": {
        "owner": "lnl7",
        "ref": "master",
        "repo": "nix-darwin",
        "type": "github"
      }
    },
    "darwin_2": {
      "inputs": {
        "nixpkgs": [
          "nixpkgs"
        ]
      },
      "locked": {
        "lastModified": 1682773107,
        "narHash": "sha256-+h94XeJnG3uk5imJlBi/1lVmcfCbxHpwZp5u7n3Krwg=",
        "owner": "lnl7",
        "repo": "nix-darwin",
        "rev": "379d42fad6bc5c28f79d5f7ff2fa5f1c90cb7bf8",
        "type": "github"
      },
      "original": {
        "owner": "lnl7",
        "repo": "nix-darwin",
        "type": "github"
      }
    },
    "flake-compat": {
      "flake": false,
      "locked": {
        "lastModified": 1673956053,
        "narHash": "sha256-4gtG9iQuiKITOjNQQeQIpoIB6b16fm+504Ch3sNKLd8=",
        "owner": "edolstra",
        "repo": "flake-compat",
        "rev": "35bb57c0c8d8b62bbfd284272c928ceb64ddbde9",
        "type": "github"
      },
      "original": {
        "owner": "edolstra",
        "repo": "flake-compat",
        "type": "github"
      }
    },
    "generators": {
      "inputs": {
        "nixlib": "nixlib",
        "nixpkgs": [
          "nixpkgs"
        ]
      },
      "locked": {
        "lastModified": 1683189539,
        "narHash": "sha256-dqeE6PM1SSNCB9BSBgh/9dJPLn3sf7P4uay8/CymMlQ=",
        "owner": "nix-community",
        "repo": "nixos-generators",
        "rev": "104ca15b0019bf461639050daeaa18e25642ccee",
        "type": "github"
      },
      "original": {
        "owner": "nix-community",
        "repo": "nixos-generators",
        "type": "github"
      }
    },
    "home-manager": {
      "inputs": {
        "nixpkgs": [
          "nixpkgs"
        ]
      },
      "locked": {
        "lastModified": 1683276742,
        "narHash": "sha256-QURv/m81hd6TN5RMjlSHhE1zLpXHsvDEm66qv3MRBsM=",
        "owner": "nix-community",
        "repo": "home-manager",
        "rev": "38271ead8e7b291beb9d3b8312e66c3268796c0a",
        "type": "github"
      },
      "original": {
        "owner": "nix-community",
        "repo": "home-manager",
        "type": "github"
      }
    },
    "nixlib": {
      "locked": {
        "lastModified": 1681001314,
        "narHash": "sha256-5sDnCLdrKZqxLPK4KA8+f4A3YKO/u6ElpMILvX0g72c=",
        "owner": "nix-community",
        "repo": "nixpkgs.lib",
        "rev": "367c0e1086a4eb4502b24d872cea2c7acdd557f4",
        "type": "github"
      },
      "original": {
        "owner": "nix-community",
        "repo": "nixpkgs.lib",
        "type": "github"
      }
    },
    "nixpkgs": {
      "locked": {
        "lastModified": 1683194677,
        "narHash": "sha256-Am7aCGNy/h6RMnvg7Pn4PHQXZZq9FyIUA9klYxBwyDI=",
        "owner": "NixOS",
        "repo": "nixpkgs",
        "rev": "0d8145a5d81ebf6698077b21042380a3a66a11c7",
        "type": "github"
      },
      "original": {
        "owner": "NixOS",
        "ref": "nixos-unstable",
        "repo": "nixpkgs",
        "type": "github"
      }
    },
    "root": {
      "inputs": {
        "aagl": "aagl",
        "agenix": "agenix",
        "darwin": "darwin_2",
        "generators": "generators",
        "home-manager": "home-manager",
        "nixpkgs": "nixpkgs"
      }
    }
  },
  "root": "root",
  "version": 7
}
